// !$*UTF8*$!
{
	archiveVersion = 1;
	classes = {
	};
	objectVersion = 55;
	objects = {

/* Begin PBXBuildFile section */
		2936664D274FDE7500482D47 /* ListadoUbicacionesView.swift in Sources */ = {isa = PBXBuildFile; fileRef = 2936664C274FDE7500482D47 /* ListadoUbicacionesView.swift */; };
		2936664F274FE06800482D47 /* BusquedaView.swift in Sources */ = {isa = PBXBuildFile; fileRef = 2936664E274FE06800482D47 /* BusquedaView.swift */; };
		701A63D7277223FD00F8A4B2 /* PerfilUsuarioView.swift in Sources */ = {isa = PBXBuildFile; fileRef = 701A63D6277223FD00F8A4B2 /* PerfilUsuarioView.swift */; };
		707CA9902750619600CA2FE9 /* CrearPulsoView.swift in Sources */ = {isa = PBXBuildFile; fileRef = 707CA98F2750619600CA2FE9 /* CrearPulsoView.swift */; };
		707CA992275069D300CA2FE9 /* SpeechRecognizer.swift in Sources */ = {isa = PBXBuildFile; fileRef = 707CA991275069D300CA2FE9 /* SpeechRecognizer.swift */; };
		708059A92750EDC6008F3004 /* MicrofonoView.swift in Sources */ = {isa = PBXBuildFile; fileRef = 708059A82750EDC6008F3004 /* MicrofonoView.swift */; };
		780F3839274D25A400DC10D0 /* HomeView.swift in Sources */ = {isa = PBXBuildFile; fileRef = 780F3838274D25A300DC10D0 /* HomeView.swift */; };
		783E97732769FC3F005BFD15 /* CustomButtonView.swift in Sources */ = {isa = PBXBuildFile; fileRef = 783E97722769FC3F005BFD15 /* CustomButtonView.swift */; };
		785BB97A276CE2D400C8ADE1 /* Wave.swift in Sources */ = {isa = PBXBuildFile; fileRef = 785BB979276CE2D400C8ADE1 /* Wave.swift */; };
		785BB97B276CE2D400C8ADE1 /* Wave.swift in Sources */ = {isa = PBXBuildFile; fileRef = 785BB979276CE2D400C8ADE1 /* Wave.swift */; };
		786E20422750283A00C5901E /* DiagramaView.swift in Sources */ = {isa = PBXBuildFile; fileRef = 786E20412750283A00C5901E /* DiagramaView.swift */; };
		786E2044275028BE00C5901E /* HomeAdminView.swift in Sources */ = {isa = PBXBuildFile; fileRef = 786E2043275028BE00C5901E /* HomeAdminView.swift */; };
		786E204727502A0F00C5901E /* MenuView.swift in Sources */ = {isa = PBXBuildFile; fileRef = 786E204627502A0F00C5901E /* MenuView.swift */; };
		786E204A275031AE00C5901E /* TabButton.swift in Sources */ = {isa = PBXBuildFile; fileRef = 786E2049275031AE00C5901E /* TabButton.swift */; };
		78831B7B27724EAE00D43EE1 /* BackgroundView.swift in Sources */ = {isa = PBXBuildFile; fileRef = 78ED3891276D1EAB00749190 /* BackgroundView.swift */; };
		78831B7E277250C200D43EE1 /* Poppins-SemiBold.ttf in Resources */ = {isa = PBXBuildFile; fileRef = 78831B7C277250C200D43EE1 /* Poppins-SemiBold.ttf */; };
		78831B7F277250C200D43EE1 /* Poppins-SemiBold.ttf in Resources */ = {isa = PBXBuildFile; fileRef = 78831B7C277250C200D43EE1 /* Poppins-SemiBold.ttf */; };
		78831B80277250C200D43EE1 /* Poppins-Regular.ttf in Resources */ = {isa = PBXBuildFile; fileRef = 78831B7D277250C200D43EE1 /* Poppins-Regular.ttf */; };
		78831B81277250C200D43EE1 /* Poppins-Regular.ttf in Resources */ = {isa = PBXBuildFile; fileRef = 78831B7D277250C200D43EE1 /* Poppins-Regular.ttf */; };
		78831B82277276B000D43EE1 /* PerfilUsuarioView.swift in Sources */ = {isa = PBXBuildFile; fileRef = 701A63D6277223FD00F8A4B2 /* PerfilUsuarioView.swift */; };
		788AFE65276BF70B00857042 /* CustomTextFieldView.swift in Sources */ = {isa = PBXBuildFile; fileRef = 788AFE64276BF70B00857042 /* CustomTextFieldView.swift */; };
		788AFE67276BF7CB00857042 /* CustomSecureFieldView.swift in Sources */ = {isa = PBXBuildFile; fileRef = 788AFE66276BF7CB00857042 /* CustomSecureFieldView.swift */; };
		788AFE6A276C04CC00857042 /* ViewModel.swift in Sources */ = {isa = PBXBuildFile; fileRef = B32A33D02747F241002BA977 /* ViewModel.swift */; };
		788AFE6C276C04CC00857042 /* DiagramaView.swift in Sources */ = {isa = PBXBuildFile; fileRef = 786E20412750283A00C5901E /* DiagramaView.swift */; };
		788AFE6D276C04CC00857042 /* MicrofonoView.swift in Sources */ = {isa = PBXBuildFile; fileRef = 708059A82750EDC6008F3004 /* MicrofonoView.swift */; };
		788AFE6E276C04CC00857042 /* RegistroView.swift in Sources */ = {isa = PBXBuildFile; fileRef = B343CCCC274E3EE100F4A61E /* RegistroView.swift */; };
		788AFE6F276C04CC00857042 /* BuscadorView.swift in Sources */ = {isa = PBXBuildFile; fileRef = 78BBF62F274D2C250006CBD6 /* BuscadorView.swift */; };
		788AFE70276C04CC00857042 /* SpeechRecognizer.swift in Sources */ = {isa = PBXBuildFile; fileRef = 707CA991275069D300CA2FE9 /* SpeechRecognizer.swift */; };
		788AFE71276C04CC00857042 /* PulsoView.swift in Sources */ = {isa = PBXBuildFile; fileRef = 78BBF62D274D29610006CBD6 /* PulsoView.swift */; };
		788AFE72276C04CC00857042 /* CustomTextFieldView.swift in Sources */ = {isa = PBXBuildFile; fileRef = 788AFE64276BF70B00857042 /* CustomTextFieldView.swift */; };
		788AFE73276C04CC00857042 /* GestioneION.xcdatamodeld in Sources */ = {isa = PBXBuildFile; fileRef = B3C1BF412746D61D006BD338 /* GestioneION.xcdatamodeld */; };
		788AFE74276C04CC00857042 /* MenuView.swift in Sources */ = {isa = PBXBuildFile; fileRef = 786E204627502A0F00C5901E /* MenuView.swift */; };
		788AFE75276C04CC00857042 /* ListadoPulsosView.swift in Sources */ = {isa = PBXBuildFile; fileRef = F87DC2142757DF6F009B2F32 /* ListadoPulsosView.swift */; };
		788AFE76276C04CC00857042 /* HomeView.swift in Sources */ = {isa = PBXBuildFile; fileRef = 780F3838274D25A300DC10D0 /* HomeView.swift */; };
		788AFE77276C04CC00857042 /* TabButton.swift in Sources */ = {isa = PBXBuildFile; fileRef = 786E2049275031AE00C5901E /* TabButton.swift */; };
		788AFE78276C04CC00857042 /* ListadoUbicacionesView.swift in Sources */ = {isa = PBXBuildFile; fileRef = 2936664C274FDE7500482D47 /* ListadoUbicacionesView.swift */; };
		788AFE79276C04CC00857042 /* CustomSecureFieldView.swift in Sources */ = {isa = PBXBuildFile; fileRef = 788AFE66276BF7CB00857042 /* CustomSecureFieldView.swift */; };
		788AFE7A276C04CC00857042 /* ListaUsuariosAdmin.swift in Sources */ = {isa = PBXBuildFile; fileRef = 9CA2702C27500AE100C10236 /* ListaUsuariosAdmin.swift */; };
		788AFE7B276C04CC00857042 /* FilaTablaView.swift in Sources */ = {isa = PBXBuildFile; fileRef = 78BBF631274D30280006CBD6 /* FilaTablaView.swift */; };
		788AFE7C276C04CC00857042 /* HomeAdminView.swift in Sources */ = {isa = PBXBuildFile; fileRef = 786E2043275028BE00C5901E /* HomeAdminView.swift */; };
		788AFE7D276C04CC00857042 /* CustomNavigationView.swift in Sources */ = {isa = PBXBuildFile; fileRef = F8AB18BE2760C0D700A5CAA4 /* CustomNavigationView.swift */; };
		788AFE7E276C04CC00857042 /* BusquedaView.swift in Sources */ = {isa = PBXBuildFile; fileRef = 2936664E274FE06800482D47 /* BusquedaView.swift */; };
		788AFE7F276C04CC00857042 /* LoginView.swift in Sources */ = {isa = PBXBuildFile; fileRef = B343CCCA274DB11200F4A61E /* LoginView.swift */; };
		788AFE80276C04CC00857042 /* CustomButtonView.swift in Sources */ = {isa = PBXBuildFile; fileRef = 783E97722769FC3F005BFD15 /* CustomButtonView.swift */; };
		788AFE81276C04CC00857042 /* CoreDataManager.swift in Sources */ = {isa = PBXBuildFile; fileRef = B32A33CE2747EE8F002BA977 /* CoreDataManager.swift */; };
		788AFE82276C04CC00857042 /* eIONApp.swift in Sources */ = {isa = PBXBuildFile; fileRef = B3C1BF332746D5DA006BD338 /* eIONApp.swift */; };
		788AFE83276C04CC00857042 /* CrearPulsoView.swift in Sources */ = {isa = PBXBuildFile; fileRef = 707CA98F2750619600CA2FE9 /* CrearPulsoView.swift */; };
		788AFE86276C04CC00857042 /* Preview Assets.xcassets in Resources */ = {isa = PBXBuildFile; fileRef = B3C1BF3A2746D5DB006BD338 /* Preview Assets.xcassets */; };
		788AFE87276C04CC00857042 /* Assets.xcassets in Resources */ = {isa = PBXBuildFile; fileRef = B3C1BF372746D5DB006BD338 /* Assets.xcassets */; };
		78BBF62E274D29610006CBD6 /* PulsoView.swift in Sources */ = {isa = PBXBuildFile; fileRef = 78BBF62D274D29610006CBD6 /* PulsoView.swift */; };
		78BBF630274D2C250006CBD6 /* BuscadorView.swift in Sources */ = {isa = PBXBuildFile; fileRef = 78BBF62F274D2C250006CBD6 /* BuscadorView.swift */; };
		78BBF632274D30280006CBD6 /* FilaTablaView.swift in Sources */ = {isa = PBXBuildFile; fileRef = 78BBF631274D30280006CBD6 /* FilaTablaView.swift */; };
		78CF2F18276D405300D7490B /* ImagePicker.swift in Sources */ = {isa = PBXBuildFile; fileRef = 78CF2F17276D405300D7490B /* ImagePicker.swift */; };
		78CF2F19276D405300D7490B /* ImagePicker.swift in Sources */ = {isa = PBXBuildFile; fileRef = 78CF2F17276D405300D7490B /* ImagePicker.swift */; };
		78CF2F1B276D408800D7490B /* EditarPerfilView.swift in Sources */ = {isa = PBXBuildFile; fileRef = 78CF2F1A276D408800D7490B /* EditarPerfilView.swift */; };
		78CF2F1C276D408800D7490B /* EditarPerfilView.swift in Sources */ = {isa = PBXBuildFile; fileRef = 78CF2F1A276D408800D7490B /* EditarPerfilView.swift */; };
		78ED3892276D1EAB00749190 /* BackgroundView.swift in Sources */ = {isa = PBXBuildFile; fileRef = 78ED3891276D1EAB00749190 /* BackgroundView.swift */; };
		9CA2702D27500AE100C10236 /* ListaUsuariosAdmin.swift in Sources */ = {isa = PBXBuildFile; fileRef = 9CA2702C27500AE100C10236 /* ListaUsuariosAdmin.swift */; };
		B32A33CF2747EE8F002BA977 /* CoreDataManager.swift in Sources */ = {isa = PBXBuildFile; fileRef = B32A33CE2747EE8F002BA977 /* CoreDataManager.swift */; };
		B32A33D12747F241002BA977 /* ViewModel.swift in Sources */ = {isa = PBXBuildFile; fileRef = B32A33D02747F241002BA977 /* ViewModel.swift */; };
		B343CCCB274DB11200F4A61E /* LoginView.swift in Sources */ = {isa = PBXBuildFile; fileRef = B343CCCA274DB11200F4A61E /* LoginView.swift */; };
		B343CCCD274E3EE100F4A61E /* RegistroView.swift in Sources */ = {isa = PBXBuildFile; fileRef = B343CCCC274E3EE100F4A61E /* RegistroView.swift */; };
		B3C1BF342746D5DA006BD338 /* eIONApp.swift in Sources */ = {isa = PBXBuildFile; fileRef = B3C1BF332746D5DA006BD338 /* eIONApp.swift */; };
		B3C1BF382746D5DB006BD338 /* Assets.xcassets in Resources */ = {isa = PBXBuildFile; fileRef = B3C1BF372746D5DB006BD338 /* Assets.xcassets */; };
		B3C1BF3B2746D5DB006BD338 /* Preview Assets.xcassets in Resources */ = {isa = PBXBuildFile; fileRef = B3C1BF3A2746D5DB006BD338 /* Preview Assets.xcassets */; };
		B3C1BF432746D61D006BD338 /* GestioneION.xcdatamodeld in Sources */ = {isa = PBXBuildFile; fileRef = B3C1BF412746D61D006BD338 /* GestioneION.xcdatamodeld */; };
		B3C9B120277A0A53005441EF /* CerrarSesionView.swift in Sources */ = {isa = PBXBuildFile; fileRef = B3C9B11F277A0A53005441EF /* CerrarSesionView.swift */; };
		B3C9B121277A0A53005441EF /* CerrarSesionView.swift in Sources */ = {isa = PBXBuildFile; fileRef = B3C9B11F277A0A53005441EF /* CerrarSesionView.swift */; };
		F87DC2152757DF6F009B2F32 /* ListadoPulsosView.swift in Sources */ = {isa = PBXBuildFile; fileRef = F87DC2142757DF6F009B2F32 /* ListadoPulsosView.swift */; };
		F8AB18BF2760C0D700A5CAA4 /* CustomNavigationView.swift in Sources */ = {isa = PBXBuildFile; fileRef = F8AB18BE2760C0D700A5CAA4 /* CustomNavigationView.swift */; };
/* End PBXBuildFile section */

/* Begin PBXFileReference section */
		2936664C274FDE7500482D47 /* ListadoUbicacionesView.swift */ = {isa = PBXFileReference; lastKnownFileType = sourcecode.swift; path = ListadoUbicacionesView.swift; sourceTree = "<group>"; };
		2936664E274FE06800482D47 /* BusquedaView.swift */ = {isa = PBXFileReference; lastKnownFileType = sourcecode.swift; path = BusquedaView.swift; sourceTree = "<group>"; };
		701A63D6277223FD00F8A4B2 /* PerfilUsuarioView.swift */ = {isa = PBXFileReference; lastKnownFileType = sourcecode.swift; path = PerfilUsuarioView.swift; sourceTree = "<group>"; };
		707CA98F2750619600CA2FE9 /* CrearPulsoView.swift */ = {isa = PBXFileReference; lastKnownFileType = sourcecode.swift; path = CrearPulsoView.swift; sourceTree = "<group>"; };
		707CA991275069D300CA2FE9 /* SpeechRecognizer.swift */ = {isa = PBXFileReference; lastKnownFileType = sourcecode.swift; name = SpeechRecognizer.swift; path = eION/SpeechRecognizer.swift; sourceTree = SOURCE_ROOT; };
		708059A82750EDC6008F3004 /* MicrofonoView.swift */ = {isa = PBXFileReference; lastKnownFileType = sourcecode.swift; path = MicrofonoView.swift; sourceTree = "<group>"; };
		780F3838274D25A300DC10D0 /* HomeView.swift */ = {isa = PBXFileReference; lastKnownFileType = sourcecode.swift; path = HomeView.swift; sourceTree = "<group>"; };
		783E97722769FC3F005BFD15 /* CustomButtonView.swift */ = {isa = PBXFileReference; lastKnownFileType = sourcecode.swift; path = CustomButtonView.swift; sourceTree = "<group>"; };
		785BB979276CE2D400C8ADE1 /* Wave.swift */ = {isa = PBXFileReference; lastKnownFileType = sourcecode.swift; path = Wave.swift; sourceTree = "<group>"; };
		786E20412750283A00C5901E /* DiagramaView.swift */ = {isa = PBXFileReference; fileEncoding = 4; lastKnownFileType = sourcecode.swift; path = DiagramaView.swift; sourceTree = "<group>"; };
		786E2043275028BE00C5901E /* HomeAdminView.swift */ = {isa = PBXFileReference; lastKnownFileType = sourcecode.swift; path = HomeAdminView.swift; sourceTree = "<group>"; };
		786E204627502A0F00C5901E /* MenuView.swift */ = {isa = PBXFileReference; lastKnownFileType = sourcecode.swift; path = MenuView.swift; sourceTree = "<group>"; };
		786E2049275031AE00C5901E /* TabButton.swift */ = {isa = PBXFileReference; lastKnownFileType = sourcecode.swift; path = TabButton.swift; sourceTree = "<group>"; };
		78831B7127724C9400D43EE1 /* Info.plist */ = {isa = PBXFileReference; lastKnownFileType = text.plist; path = Info.plist; sourceTree = "<group>"; };
		78831B7C277250C200D43EE1 /* Poppins-SemiBold.ttf */ = {isa = PBXFileReference; lastKnownFileType = file; path = "Poppins-SemiBold.ttf"; sourceTree = "<group>"; };
		78831B7D277250C200D43EE1 /* Poppins-Regular.ttf */ = {isa = PBXFileReference; lastKnownFileType = file; path = "Poppins-Regular.ttf"; sourceTree = "<group>"; };
		788AFE64276BF70B00857042 /* CustomTextFieldView.swift */ = {isa = PBXFileReference; lastKnownFileType = sourcecode.swift; path = CustomTextFieldView.swift; sourceTree = "<group>"; };
		788AFE66276BF7CB00857042 /* CustomSecureFieldView.swift */ = {isa = PBXFileReference; lastKnownFileType = sourcecode.swift; path = CustomSecureFieldView.swift; sourceTree = "<group>"; };
		788AFE8B276C04CC00857042 /* eION copy.app */ = {isa = PBXFileReference; explicitFileType = wrapper.application; includeInIndex = 0; path = "eION copy.app"; sourceTree = BUILT_PRODUCTS_DIR; };
		78BBF62D274D29610006CBD6 /* PulsoView.swift */ = {isa = PBXFileReference; lastKnownFileType = sourcecode.swift; path = PulsoView.swift; sourceTree = "<group>"; };
		78BBF62F274D2C250006CBD6 /* BuscadorView.swift */ = {isa = PBXFileReference; lastKnownFileType = sourcecode.swift; path = BuscadorView.swift; sourceTree = "<group>"; };
		78BBF631274D30280006CBD6 /* FilaTablaView.swift */ = {isa = PBXFileReference; lastKnownFileType = sourcecode.swift; path = FilaTablaView.swift; sourceTree = "<group>"; };
		78CF2F17276D405300D7490B /* ImagePicker.swift */ = {isa = PBXFileReference; lastKnownFileType = sourcecode.swift; path = ImagePicker.swift; sourceTree = SOURCE_ROOT; };
		78CF2F1A276D408800D7490B /* EditarPerfilView.swift */ = {isa = PBXFileReference; lastKnownFileType = sourcecode.swift; path = EditarPerfilView.swift; sourceTree = "<group>"; };
		78ED3891276D1EAB00749190 /* BackgroundView.swift */ = {isa = PBXFileReference; lastKnownFileType = sourcecode.swift; path = BackgroundView.swift; sourceTree = "<group>"; };
		9CA2702C27500AE100C10236 /* ListaUsuariosAdmin.swift */ = {isa = PBXFileReference; lastKnownFileType = sourcecode.swift; path = ListaUsuariosAdmin.swift; sourceTree = "<group>"; };
		B32A33CE2747EE8F002BA977 /* CoreDataManager.swift */ = {isa = PBXFileReference; lastKnownFileType = sourcecode.swift; path = CoreDataManager.swift; sourceTree = "<group>"; };
		B32A33D02747F241002BA977 /* ViewModel.swift */ = {isa = PBXFileReference; lastKnownFileType = sourcecode.swift; path = ViewModel.swift; sourceTree = "<group>"; };
		B343CCCA274DB11200F4A61E /* LoginView.swift */ = {isa = PBXFileReference; lastKnownFileType = sourcecode.swift; path = LoginView.swift; sourceTree = "<group>"; };
		B343CCCC274E3EE100F4A61E /* RegistroView.swift */ = {isa = PBXFileReference; lastKnownFileType = sourcecode.swift; path = RegistroView.swift; sourceTree = "<group>"; };
		B3C1BF302746D5DA006BD338 /* eION.app */ = {isa = PBXFileReference; explicitFileType = wrapper.application; includeInIndex = 0; path = eION.app; sourceTree = BUILT_PRODUCTS_DIR; };
		B3C1BF332746D5DA006BD338 /* eIONApp.swift */ = {isa = PBXFileReference; lastKnownFileType = sourcecode.swift; path = eIONApp.swift; sourceTree = "<group>"; };
		B3C1BF372746D5DB006BD338 /* Assets.xcassets */ = {isa = PBXFileReference; lastKnownFileType = folder.assetcatalog; path = Assets.xcassets; sourceTree = "<group>"; };
		B3C1BF3A2746D5DB006BD338 /* Preview Assets.xcassets */ = {isa = PBXFileReference; lastKnownFileType = folder.assetcatalog; path = "Preview Assets.xcassets"; sourceTree = "<group>"; };
		B3C1BF422746D61D006BD338 /* GestioneION.xcdatamodel */ = {isa = PBXFileReference; lastKnownFileType = wrapper.xcdatamodel; path = GestioneION.xcdatamodel; sourceTree = "<group>"; };
		B3C9B11F277A0A53005441EF /* CerrarSesionView.swift */ = {isa = PBXFileReference; lastKnownFileType = sourcecode.swift; path = CerrarSesionView.swift; sourceTree = "<group>"; };
		F87DC2142757DF6F009B2F32 /* ListadoPulsosView.swift */ = {isa = PBXFileReference; lastKnownFileType = sourcecode.swift; path = ListadoPulsosView.swift; sourceTree = "<group>"; };
		F8AB18BE2760C0D700A5CAA4 /* CustomNavigationView.swift */ = {isa = PBXFileReference; lastKnownFileType = sourcecode.swift; path = CustomNavigationView.swift; sourceTree = "<group>"; };
/* End PBXFileReference section */

/* Begin PBXFrameworksBuildPhase section */
		788AFE84276C04CC00857042 /* Frameworks */ = {
			isa = PBXFrameworksBuildPhase;
			buildActionMask = 2147483647;
			files = (
			);
			runOnlyForDeploymentPostprocessing = 0;
		};
		B3C1BF2D2746D5DA006BD338 /* Frameworks */ = {
			isa = PBXFrameworksBuildPhase;
			buildActionMask = 2147483647;
			files = (
			);
			runOnlyForDeploymentPostprocessing = 0;
		};
/* End PBXFrameworksBuildPhase section */

/* Begin PBXGroup section */
		29366651274FE26100482D47 /* Extensiones */ = {
			isa = PBXGroup;
			children = (
				707CA991275069D300CA2FE9 /* SpeechRecognizer.swift */,
				78CF2F17276D405300D7490B /* ImagePicker.swift */,
			);
			path = Extensiones;
			sourceTree = "<group>";
		};
		783E97742769FF3B005BFD15 /* CustomComponents */ = {
			isa = PBXGroup;
			children = (
				783E97722769FC3F005BFD15 /* CustomButtonView.swift */,
				78BBF631274D30280006CBD6 /* FilaTablaView.swift */,
				78BBF62F274D2C250006CBD6 /* BuscadorView.swift */,
				788AFE64276BF70B00857042 /* CustomTextFieldView.swift */,
				788AFE66276BF7CB00857042 /* CustomSecureFieldView.swift */,
				78ED3891276D1EAB00749190 /* BackgroundView.swift */,
			);
			path = CustomComponents;
			sourceTree = "<group>";
		};
		785BB978276CE2C800C8ADE1 /* Shapes */ = {
			isa = PBXGroup;
			children = (
				785BB979276CE2D400C8ADE1 /* Wave.swift */,
			);
			path = Shapes;
			sourceTree = "<group>";
		};
		786E20402750282A00C5901E /* Diagrama */ = {
			isa = PBXGroup;
			children = (
				786E20412750283A00C5901E /* DiagramaView.swift */,
			);
			path = Diagrama;
			sourceTree = "<group>";
		};
		786E2048275031A000C5901E /* Menu */ = {
			isa = PBXGroup;
			children = (
				786E204627502A0F00C5901E /* MenuView.swift */,
				786E2049275031AE00C5901E /* TabButton.swift */,
			);
			path = Menu;
			sourceTree = "<group>";
		};
		78831B6E27724C5F00D43EE1 /* Fonts */ = {
			isa = PBXGroup;
			children = (
				78831B7D277250C200D43EE1 /* Poppins-Regular.ttf */,
				78831B7C277250C200D43EE1 /* Poppins-SemiBold.ttf */,
			);
			path = Fonts;
			sourceTree = "<group>";
		};
		B3C1BF272746D5DA006BD338 = {
			isa = PBXGroup;
			children = (
				78CF2F1A276D408800D7490B /* EditarPerfilView.swift */,
				78831B6E27724C5F00D43EE1 /* Fonts */,
				785BB978276CE2C800C8ADE1 /* Shapes */,
				786E20402750282A00C5901E /* Diagrama */,
				29366651274FE26100482D47 /* Extensiones */,
				B3C1BF412746D61D006BD338 /* GestioneION.xcdatamodeld */,
				B3C1BF452746D732006BD338 /* VistaModelo */,
				B3C1BF322746D5DA006BD338 /* eION */,
				B3C1BF312746D5DA006BD338 /* Products */,
			);
			sourceTree = "<group>";
		};
		B3C1BF312746D5DA006BD338 /* Products */ = {
			isa = PBXGroup;
			children = (
				B3C1BF302746D5DA006BD338 /* eION.app */,
				788AFE8B276C04CC00857042 /* eION copy.app */,
			);
			name = Products;
			sourceTree = "<group>";
		};
		B3C1BF322746D5DA006BD338 /* eION */ = {
			isa = PBXGroup;
			children = (
				78831B7127724C9400D43EE1 /* Info.plist */,
				783E97742769FF3B005BFD15 /* CustomComponents */,
				786E2048275031A000C5901E /* Menu */,
				B3C1BF332746D5DA006BD338 /* eIONApp.swift */,
				B3C1BF372746D5DB006BD338 /* Assets.xcassets */,
				B3C1BF392746D5DB006BD338 /* Preview Content */,
				780F3838274D25A300DC10D0 /* HomeView.swift */,
				78BBF62D274D29610006CBD6 /* PulsoView.swift */,
				B343CCCA274DB11200F4A61E /* LoginView.swift */,
				B3C9B11F277A0A53005441EF /* CerrarSesionView.swift */,
				2936664C274FDE7500482D47 /* ListadoUbicacionesView.swift */,
				F87DC2142757DF6F009B2F32 /* ListadoPulsosView.swift */,
				F8AB18BE2760C0D700A5CAA4 /* CustomNavigationView.swift */,
				2936664E274FE06800482D47 /* BusquedaView.swift */,
				9CA2702C27500AE100C10236 /* ListaUsuariosAdmin.swift */,
				786E2043275028BE00C5901E /* HomeAdminView.swift */,
				707CA98F2750619600CA2FE9 /* CrearPulsoView.swift */,
				708059A82750EDC6008F3004 /* MicrofonoView.swift */,
				B343CCCC274E3EE100F4A61E /* RegistroView.swift */,
				701A63D6277223FD00F8A4B2 /* PerfilUsuarioView.swift */,
			);
			path = eION;
			sourceTree = "<group>";
		};
		B3C1BF392746D5DB006BD338 /* Preview Content */ = {
			isa = PBXGroup;
			children = (
				B3C1BF3A2746D5DB006BD338 /* Preview Assets.xcassets */,
			);
			path = "Preview Content";
			sourceTree = "<group>";
		};
		B3C1BF452746D732006BD338 /* VistaModelo */ = {
			isa = PBXGroup;
			children = (
				B32A33CE2747EE8F002BA977 /* CoreDataManager.swift */,
				B32A33D02747F241002BA977 /* ViewModel.swift */,
			);
			path = VistaModelo;
			sourceTree = "<group>";
		};
/* End PBXGroup section */

/* Begin PBXNativeTarget section */
		788AFE68276C04CC00857042 /* eION copy */ = {
			isa = PBXNativeTarget;
			buildConfigurationList = 788AFE88276C04CC00857042 /* Build configuration list for PBXNativeTarget "eION copy" */;
			buildPhases = (
				788AFE69276C04CC00857042 /* Sources */,
				788AFE84276C04CC00857042 /* Frameworks */,
				788AFE85276C04CC00857042 /* Resources */,
			);
			buildRules = (
			);
			dependencies = (
			);
			name = "eION copy";
			productName = eION;
			productReference = 788AFE8B276C04CC00857042 /* eION copy.app */;
			productType = "com.apple.product-type.application";
		};
		B3C1BF2F2746D5DA006BD338 /* eION */ = {
			isa = PBXNativeTarget;
			buildConfigurationList = B3C1BF3E2746D5DB006BD338 /* Build configuration list for PBXNativeTarget "eION" */;
			buildPhases = (
				B3C1BF2C2746D5DA006BD338 /* Sources */,
				B3C1BF2D2746D5DA006BD338 /* Frameworks */,
				B3C1BF2E2746D5DA006BD338 /* Resources */,
			);
			buildRules = (
			);
			dependencies = (
			);
			name = eION;
			productName = eION;
			productReference = B3C1BF302746D5DA006BD338 /* eION.app */;
			productType = "com.apple.product-type.application";
		};
/* End PBXNativeTarget section */

/* Begin PBXProject section */
		B3C1BF282746D5DA006BD338 /* Project object */ = {
			isa = PBXProject;
			attributes = {
				BuildIndependentTargetsInParallel = 1;
				LastSwiftUpdateCheck = 1310;
				LastUpgradeCheck = 1310;
				TargetAttributes = {
					B3C1BF2F2746D5DA006BD338 = {
						CreatedOnToolsVersion = 13.1;
					};
				};
			};
			buildConfigurationList = B3C1BF2B2746D5DA006BD338 /* Build configuration list for PBXProject "eION" */;
			compatibilityVersion = "Xcode 13.0";
			developmentRegion = en;
			hasScannedForEncodings = 0;
			knownRegions = (
				en,
				Base,
			);
			mainGroup = B3C1BF272746D5DA006BD338;
			productRefGroup = B3C1BF312746D5DA006BD338 /* Products */;
			projectDirPath = "";
			projectRoot = "";
			targets = (
				B3C1BF2F2746D5DA006BD338 /* eION */,
				788AFE68276C04CC00857042 /* eION copy */,
			);
		};
/* End PBXProject section */

/* Begin PBXResourcesBuildPhase section */
		788AFE85276C04CC00857042 /* Resources */ = {
			isa = PBXResourcesBuildPhase;
			buildActionMask = 2147483647;
			files = (
				78831B7F277250C200D43EE1 /* Poppins-SemiBold.ttf in Resources */,
				788AFE86276C04CC00857042 /* Preview Assets.xcassets in Resources */,
				788AFE87276C04CC00857042 /* Assets.xcassets in Resources */,
				78831B81277250C200D43EE1 /* Poppins-Regular.ttf in Resources */,
			);
			runOnlyForDeploymentPostprocessing = 0;
		};
		B3C1BF2E2746D5DA006BD338 /* Resources */ = {
			isa = PBXResourcesBuildPhase;
			buildActionMask = 2147483647;
			files = (
				78831B7E277250C200D43EE1 /* Poppins-SemiBold.ttf in Resources */,
				B3C1BF3B2746D5DB006BD338 /* Preview Assets.xcassets in Resources */,
				B3C1BF382746D5DB006BD338 /* Assets.xcassets in Resources */,
				78831B80277250C200D43EE1 /* Poppins-Regular.ttf in Resources */,
			);
			runOnlyForDeploymentPostprocessing = 0;
		};
/* End PBXResourcesBuildPhase section */

/* Begin PBXSourcesBuildPhase section */
		788AFE69276C04CC00857042 /* Sources */ = {
			isa = PBXSourcesBuildPhase;
			buildActionMask = 2147483647;
			files = (
				788AFE6A276C04CC00857042 /* ViewModel.swift in Sources */,
				788AFE6C276C04CC00857042 /* DiagramaView.swift in Sources */,
				788AFE6D276C04CC00857042 /* MicrofonoView.swift in Sources */,
				78CF2F19276D405300D7490B /* ImagePicker.swift in Sources */,
				788AFE6E276C04CC00857042 /* RegistroView.swift in Sources */,
				788AFE6F276C04CC00857042 /* BuscadorView.swift in Sources */,
				788AFE70276C04CC00857042 /* SpeechRecognizer.swift in Sources */,
				788AFE71276C04CC00857042 /* PulsoView.swift in Sources */,
				788AFE72276C04CC00857042 /* CustomTextFieldView.swift in Sources */,
				78831B7B27724EAE00D43EE1 /* BackgroundView.swift in Sources */,
				788AFE73276C04CC00857042 /* GestioneION.xcdatamodeld in Sources */,
				788AFE74276C04CC00857042 /* MenuView.swift in Sources */,
				B3C9B121277A0A53005441EF /* CerrarSesionView.swift in Sources */,
				78CF2F1C276D408800D7490B /* EditarPerfilView.swift in Sources */,
				788AFE75276C04CC00857042 /* ListadoPulsosView.swift in Sources */,
				788AFE76276C04CC00857042 /* HomeView.swift in Sources */,
				788AFE77276C04CC00857042 /* TabButton.swift in Sources */,
				788AFE78276C04CC00857042 /* ListadoUbicacionesView.swift in Sources */,
				788AFE79276C04CC00857042 /* CustomSecureFieldView.swift in Sources */,
				788AFE7A276C04CC00857042 /* ListaUsuariosAdmin.swift in Sources */,
				788AFE7B276C04CC00857042 /* FilaTablaView.swift in Sources */,
				788AFE7C276C04CC00857042 /* HomeAdminView.swift in Sources */,
				788AFE7D276C04CC00857042 /* CustomNavigationView.swift in Sources */,
				788AFE7E276C04CC00857042 /* BusquedaView.swift in Sources */,
				788AFE7F276C04CC00857042 /* LoginView.swift in Sources */,
				788AFE80276C04CC00857042 /* CustomButtonView.swift in Sources */,
				78831B82277276B000D43EE1 /* PerfilUsuarioView.swift in Sources */,
				785BB97B276CE2D400C8ADE1 /* Wave.swift in Sources */,
				788AFE81276C04CC00857042 /* CoreDataManager.swift in Sources */,
				788AFE82276C04CC00857042 /* eIONApp.swift in Sources */,
				788AFE83276C04CC00857042 /* CrearPulsoView.swift in Sources */,
			);
			runOnlyForDeploymentPostprocessing = 0;
		};
		B3C1BF2C2746D5DA006BD338 /* Sources */ = {
			isa = PBXSourcesBuildPhase;
			buildActionMask = 2147483647;
			files = (
				78ED3892276D1EAB00749190 /* BackgroundView.swift in Sources */,
				B32A33D12747F241002BA977 /* ViewModel.swift in Sources */,
				786E20422750283A00C5901E /* DiagramaView.swift in Sources */,
				708059A92750EDC6008F3004 /* MicrofonoView.swift in Sources */,
				B343CCCD274E3EE100F4A61E /* RegistroView.swift in Sources */,
				78BBF630274D2C250006CBD6 /* BuscadorView.swift in Sources */,
				707CA992275069D300CA2FE9 /* SpeechRecognizer.swift in Sources */,
				78BBF62E274D29610006CBD6 /* PulsoView.swift in Sources */,
				788AFE65276BF70B00857042 /* CustomTextFieldView.swift in Sources */,
				B3C1BF432746D61D006BD338 /* GestioneION.xcdatamodeld in Sources */,
				786E204727502A0F00C5901E /* MenuView.swift in Sources */,
				F87DC2152757DF6F009B2F32 /* ListadoPulsosView.swift in Sources */,
				B3C9B120277A0A53005441EF /* CerrarSesionView.swift in Sources */,
				780F3839274D25A400DC10D0 /* HomeView.swift in Sources */,
				786E204A275031AE00C5901E /* TabButton.swift in Sources */,
				2936664D274FDE7500482D47 /* ListadoUbicacionesView.swift in Sources */,
				788AFE67276BF7CB00857042 /* CustomSecureFieldView.swift in Sources */,
				9CA2702D27500AE100C10236 /* ListaUsuariosAdmin.swift in Sources */,
				78CF2F18276D405300D7490B /* ImagePicker.swift in Sources */,
				78BBF632274D30280006CBD6 /* FilaTablaView.swift in Sources */,
				786E2044275028BE00C5901E /* HomeAdminView.swift in Sources */,
				78CF2F1B276D408800D7490B /* EditarPerfilView.swift in Sources */,
				F8AB18BF2760C0D700A5CAA4 /* CustomNavigationView.swift in Sources */,
				2936664F274FE06800482D47 /* BusquedaView.swift in Sources */,
				B343CCCB274DB11200F4A61E /* LoginView.swift in Sources */,
				783E97732769FC3F005BFD15 /* CustomButtonView.swift in Sources */,
				785BB97A276CE2D400C8ADE1 /* Wave.swift in Sources */,
				B32A33CF2747EE8F002BA977 /* CoreDataManager.swift in Sources */,
				701A63D7277223FD00F8A4B2 /* PerfilUsuarioView.swift in Sources */,
				B3C1BF342746D5DA006BD338 /* eIONApp.swift in Sources */,
				707CA9902750619600CA2FE9 /* CrearPulsoView.swift in Sources */,
			);
			runOnlyForDeploymentPostprocessing = 0;
		};
/* End PBXSourcesBuildPhase section */

/* Begin XCBuildConfiguration section */
		788AFE89276C04CC00857042 /* Debug */ = {
			isa = XCBuildConfiguration;
			buildSettings = {
				ASSETCATALOG_COMPILER_APPICON_NAME = AppIcon;
				ASSETCATALOG_COMPILER_GLOBAL_ACCENT_COLOR_NAME = AccentColor;
				CODE_SIGN_STYLE = Automatic;
				CURRENT_PROJECT_VERSION = 1;
				DEVELOPMENT_ASSET_PATHS = "\"eION/Preview Content\"";
				ENABLE_PREVIEWS = YES;
				GENERATE_INFOPLIST_FILE = YES;
				INFOPLIST_KEY_NSMicrophoneUsageDescription = "El audio se graba para transcribir la reunión. Las grabaciones de audio se descartan después de la transcripción ";
				INFOPLIST_KEY_NSSpeechRecognitionUsageDescription = "Puede ver una transcripción de texto de su reunión en la aplicación";
				INFOPLIST_KEY_UIApplicationSceneManifest_Generation = YES;
				INFOPLIST_KEY_UIApplicationSupportsIndirectInputEvents = YES;
				INFOPLIST_KEY_UILaunchScreen_Generation = YES;
				INFOPLIST_KEY_UISupportedInterfaceOrientations_iPad = "UIInterfaceOrientationPortrait UIInterfaceOrientationPortraitUpsideDown UIInterfaceOrientationLandscapeLeft UIInterfaceOrientationLandscapeRight";
				INFOPLIST_KEY_UISupportedInterfaceOrientations_iPhone = "UIInterfaceOrientationPortrait UIInterfaceOrientationLandscapeLeft UIInterfaceOrientationLandscapeRight";
				LD_RUNPATH_SEARCH_PATHS = (
					"$(inherited)",
					"@executable_path/Frameworks",
				);
				MARKETING_VERSION = 1.0;
				PRODUCT_BUNDLE_IDENTIFIER = FCM3.eION;
				PRODUCT_NAME = "$(TARGET_NAME)";
				SWIFT_ACTIVE_COMPILATION_CONDITIONS = eIONML;
				SWIFT_EMIT_LOC_STRINGS = YES;
				SWIFT_VERSION = 5.0;
				TARGETED_DEVICE_FAMILY = "1,2";
			};
			name = Debug;
		};
		788AFE8A276C04CC00857042 /* Release */ = {
			isa = XCBuildConfiguration;
			buildSettings = {
				ASSETCATALOG_COMPILER_APPICON_NAME = AppIcon;
				ASSETCATALOG_COMPILER_GLOBAL_ACCENT_COLOR_NAME = AccentColor;
				CODE_SIGN_STYLE = Automatic;
				CURRENT_PROJECT_VERSION = 1;
				DEVELOPMENT_ASSET_PATHS = "\"eION/Preview Content\"";
				ENABLE_PREVIEWS = YES;
				GENERATE_INFOPLIST_FILE = YES;
				INFOPLIST_KEY_NSMicrophoneUsageDescription = "El audio se graba para transcribir la reunión. Las grabaciones de audio se descartan después de la transcripción ";
				INFOPLIST_KEY_NSSpeechRecognitionUsageDescription = "Puede ver una transcripción de texto de su reunión en la aplicación";
				INFOPLIST_KEY_UIApplicationSceneManifest_Generation = YES;
				INFOPLIST_KEY_UIApplicationSupportsIndirectInputEvents = YES;
				INFOPLIST_KEY_UILaunchScreen_Generation = YES;
				INFOPLIST_KEY_UISupportedInterfaceOrientations_iPad = "UIInterfaceOrientationPortrait UIInterfaceOrientationPortraitUpsideDown UIInterfaceOrientationLandscapeLeft UIInterfaceOrientationLandscapeRight";
				INFOPLIST_KEY_UISupportedInterfaceOrientations_iPhone = "UIInterfaceOrientationPortrait UIInterfaceOrientationLandscapeLeft UIInterfaceOrientationLandscapeRight";
				LD_RUNPATH_SEARCH_PATHS = (
					"$(inherited)",
					"@executable_path/Frameworks",
				);
				MARKETING_VERSION = 1.0;
				PRODUCT_BUNDLE_IDENTIFIER = FCM3.eION;
				PRODUCT_NAME = "$(TARGET_NAME)";
				SWIFT_ACTIVE_COMPILATION_CONDITIONS = eIONML;
				SWIFT_EMIT_LOC_STRINGS = YES;
				SWIFT_VERSION = 5.0;
				TARGETED_DEVICE_FAMILY = "1,2";
			};
			name = Release;
		};
		B3C1BF3C2746D5DB006BD338 /* Debug */ = {
			isa = XCBuildConfiguration;
			buildSettings = {
				ALWAYS_SEARCH_USER_PATHS = NO;
				CLANG_ANALYZER_NONNULL = YES;
				CLANG_ANALYZER_NUMBER_OBJECT_CONVERSION = YES_AGGRESSIVE;
				CLANG_CXX_LANGUAGE_STANDARD = "gnu++17";
				CLANG_CXX_LIBRARY = "libc++";
				CLANG_ENABLE_MODULES = YES;
				CLANG_ENABLE_OBJC_ARC = YES;
				CLANG_ENABLE_OBJC_WEAK = YES;
				CLANG_WARN_BLOCK_CAPTURE_AUTORELEASING = YES;
				CLANG_WARN_BOOL_CONVERSION = YES;
				CLANG_WARN_COMMA = YES;
				CLANG_WARN_CONSTANT_CONVERSION = YES;
				CLANG_WARN_DEPRECATED_OBJC_IMPLEMENTATIONS = YES;
				CLANG_WARN_DIRECT_OBJC_ISA_USAGE = YES_ERROR;
				CLANG_WARN_DOCUMENTATION_COMMENTS = YES;
				CLANG_WARN_EMPTY_BODY = YES;
				CLANG_WARN_ENUM_CONVERSION = YES;
				CLANG_WARN_INFINITE_RECURSION = YES;
				CLANG_WARN_INT_CONVERSION = YES;
				CLANG_WARN_NON_LITERAL_NULL_CONVERSION = YES;
				CLANG_WARN_OBJC_IMPLICIT_RETAIN_SELF = YES;
				CLANG_WARN_OBJC_LITERAL_CONVERSION = YES;
				CLANG_WARN_OBJC_ROOT_CLASS = YES_ERROR;
				CLANG_WARN_QUOTED_INCLUDE_IN_FRAMEWORK_HEADER = YES;
				CLANG_WARN_RANGE_LOOP_ANALYSIS = YES;
				CLANG_WARN_STRICT_PROTOTYPES = YES;
				CLANG_WARN_SUSPICIOUS_MOVE = YES;
				CLANG_WARN_UNGUARDED_AVAILABILITY = YES_AGGRESSIVE;
				CLANG_WARN_UNREACHABLE_CODE = YES;
				CLANG_WARN__DUPLICATE_METHOD_MATCH = YES;
				COPY_PHASE_STRIP = NO;
				DEBUG_INFORMATION_FORMAT = dwarf;
				ENABLE_STRICT_OBJC_MSGSEND = YES;
				ENABLE_TESTABILITY = YES;
				GCC_C_LANGUAGE_STANDARD = gnu11;
				GCC_DYNAMIC_NO_PIC = NO;
				GCC_NO_COMMON_BLOCKS = YES;
				GCC_OPTIMIZATION_LEVEL = 0;
				GCC_PREPROCESSOR_DEFINITIONS = (
					"DEBUG=1",
					"$(inherited)",
				);
				GCC_WARN_64_TO_32_BIT_CONVERSION = YES;
				GCC_WARN_ABOUT_RETURN_TYPE = YES_ERROR;
				GCC_WARN_UNDECLARED_SELECTOR = YES;
				GCC_WARN_UNINITIALIZED_AUTOS = YES_AGGRESSIVE;
				GCC_WARN_UNUSED_FUNCTION = YES;
				GCC_WARN_UNUSED_VARIABLE = YES;
				IPHONEOS_DEPLOYMENT_TARGET = 15.0;
				MTL_ENABLE_DEBUG_INFO = INCLUDE_SOURCE;
				MTL_FAST_MATH = YES;
				ONLY_ACTIVE_ARCH = YES;
				SDKROOT = iphoneos;
				SWIFT_ACTIVE_COMPILATION_CONDITIONS = DEBUG;
				SWIFT_OPTIMIZATION_LEVEL = "-Onone";
			};
			name = Debug;
		};
		B3C1BF3D2746D5DB006BD338 /* Release */ = {
			isa = XCBuildConfiguration;
			buildSettings = {
				ALWAYS_SEARCH_USER_PATHS = NO;
				CLANG_ANALYZER_NONNULL = YES;
				CLANG_ANALYZER_NUMBER_OBJECT_CONVERSION = YES_AGGRESSIVE;
				CLANG_CXX_LANGUAGE_STANDARD = "gnu++17";
				CLANG_CXX_LIBRARY = "libc++";
				CLANG_ENABLE_MODULES = YES;
				CLANG_ENABLE_OBJC_ARC = YES;
				CLANG_ENABLE_OBJC_WEAK = YES;
				CLANG_WARN_BLOCK_CAPTURE_AUTORELEASING = YES;
				CLANG_WARN_BOOL_CONVERSION = YES;
				CLANG_WARN_COMMA = YES;
				CLANG_WARN_CONSTANT_CONVERSION = YES;
				CLANG_WARN_DEPRECATED_OBJC_IMPLEMENTATIONS = YES;
				CLANG_WARN_DIRECT_OBJC_ISA_USAGE = YES_ERROR;
				CLANG_WARN_DOCUMENTATION_COMMENTS = YES;
				CLANG_WARN_EMPTY_BODY = YES;
				CLANG_WARN_ENUM_CONVERSION = YES;
				CLANG_WARN_INFINITE_RECURSION = YES;
				CLANG_WARN_INT_CONVERSION = YES;
				CLANG_WARN_NON_LITERAL_NULL_CONVERSION = YES;
				CLANG_WARN_OBJC_IMPLICIT_RETAIN_SELF = YES;
				CLANG_WARN_OBJC_LITERAL_CONVERSION = YES;
				CLANG_WARN_OBJC_ROOT_CLASS = YES_ERROR;
				CLANG_WARN_QUOTED_INCLUDE_IN_FRAMEWORK_HEADER = YES;
				CLANG_WARN_RANGE_LOOP_ANALYSIS = YES;
				CLANG_WARN_STRICT_PROTOTYPES = YES;
				CLANG_WARN_SUSPICIOUS_MOVE = YES;
				CLANG_WARN_UNGUARDED_AVAILABILITY = YES_AGGRESSIVE;
				CLANG_WARN_UNREACHABLE_CODE = YES;
				CLANG_WARN__DUPLICATE_METHOD_MATCH = YES;
				COPY_PHASE_STRIP = NO;
				DEBUG_INFORMATION_FORMAT = "dwarf-with-dsym";
				ENABLE_NS_ASSERTIONS = NO;
				ENABLE_STRICT_OBJC_MSGSEND = YES;
				GCC_C_LANGUAGE_STANDARD = gnu11;
				GCC_NO_COMMON_BLOCKS = YES;
				GCC_WARN_64_TO_32_BIT_CONVERSION = YES;
				GCC_WARN_ABOUT_RETURN_TYPE = YES_ERROR;
				GCC_WARN_UNDECLARED_SELECTOR = YES;
				GCC_WARN_UNINITIALIZED_AUTOS = YES_AGGRESSIVE;
				GCC_WARN_UNUSED_FUNCTION = YES;
				GCC_WARN_UNUSED_VARIABLE = YES;
				IPHONEOS_DEPLOYMENT_TARGET = 15.0;
				MTL_ENABLE_DEBUG_INFO = NO;
				MTL_FAST_MATH = YES;
				SDKROOT = iphoneos;
				SWIFT_COMPILATION_MODE = wholemodule;
				SWIFT_OPTIMIZATION_LEVEL = "-O";
				VALIDATE_PRODUCT = YES;
			};
			name = Release;
		};
		B3C1BF3F2746D5DB006BD338 /* Debug */ = {
			isa = XCBuildConfiguration;
			buildSettings = {
				ASSETCATALOG_COMPILER_APPICON_NAME = AppIcon;
				ASSETCATALOG_COMPILER_GLOBAL_ACCENT_COLOR_NAME = AccentColor;
				CODE_SIGN_STYLE = Automatic;
				CURRENT_PROJECT_VERSION = 1;
				DEVELOPMENT_ASSET_PATHS = "\"eION/Preview Content\"";
				ENABLE_PREVIEWS = YES;
				GENERATE_INFOPLIST_FILE = YES;
				INFOPLIST_FILE = eION/Info.plist;
				INFOPLIST_KEY_NSMicrophoneUsageDescription = "El audio se graba para transcribir la reunión. Las grabaciones de audio se descartan después de la transcripción ";
				INFOPLIST_KEY_NSSpeechRecognitionUsageDescription = "Puede ver una transcripción de texto de su reunión en la aplicación";
				INFOPLIST_KEY_UIApplicationSceneManifest_Generation = YES;
				INFOPLIST_KEY_UIApplicationSupportsIndirectInputEvents = YES;
				INFOPLIST_KEY_UILaunchScreen_Generation = YES;
				INFOPLIST_KEY_UISupportedInterfaceOrientations_iPad = "UIInterfaceOrientationPortrait UIInterfaceOrientationPortraitUpsideDown UIInterfaceOrientationLandscapeLeft UIInterfaceOrientationLandscapeRight";
				INFOPLIST_KEY_UISupportedInterfaceOrientations_iPhone = "UIInterfaceOrientationPortrait UIInterfaceOrientationLandscapeLeft UIInterfaceOrientationLandscapeRight";
				LD_RUNPATH_SEARCH_PATHS = (
					"$(inherited)",
					"@executable_path/Frameworks",
				);
				MARKETING_VERSION = 1.0;
				PRODUCT_BUNDLE_IDENTIFIER = FCM3.eION;
				PRODUCT_NAME = "$(TARGET_NAME)";
				SWIFT_ACTIVE_COMPILATION_CONDITIONS = eIONB;
				SWIFT_EMIT_LOC_STRINGS = YES;
				SWIFT_VERSION = 5.0;
				TARGETED_DEVICE_FAMILY = "1,2";
			};
			name = Debug;
		};
		B3C1BF402746D5DB006BD338 /* Release */ = {
			isa = XCBuildConfiguration;
			buildSettings = {
				ASSETCATALOG_COMPILER_APPICON_NAME = AppIcon;
				ASSETCATALOG_COMPILER_GLOBAL_ACCENT_COLOR_NAME = AccentColor;
				CODE_SIGN_STYLE = Automatic;
				CURRENT_PROJECT_VERSION = 1;
				DEVELOPMENT_ASSET_PATHS = "\"eION/Preview Content\"";
				ENABLE_PREVIEWS = YES;
				GENERATE_INFOPLIST_FILE = YES;
				INFOPLIST_FILE = eION/Info.plist;
				INFOPLIST_KEY_NSMicrophoneUsageDescription = "El audio se graba para transcribir la reunión. Las grabaciones de audio se descartan después de la transcripción ";
				INFOPLIST_KEY_NSSpeechRecognitionUsageDescription = "Puede ver una transcripción de texto de su reunión en la aplicación";
				INFOPLIST_KEY_UIApplicationSceneManifest_Generation = YES;
				INFOPLIST_KEY_UIApplicationSupportsIndirectInputEvents = YES;
				INFOPLIST_KEY_UILaunchScreen_Generation = YES;
				INFOPLIST_KEY_UISupportedInterfaceOrientations_iPad = "UIInterfaceOrientationPortrait UIInterfaceOrientationPortraitUpsideDown UIInterfaceOrientationLandscapeLeft UIInterfaceOrientationLandscapeRight";
				INFOPLIST_KEY_UISupportedInterfaceOrientations_iPhone = "UIInterfaceOrientationPortrait UIInterfaceOrientationLandscapeLeft UIInterfaceOrientationLandscapeRight";
				LD_RUNPATH_SEARCH_PATHS = (
					"$(inherited)",
					"@executable_path/Frameworks",
				);
				MARKETING_VERSION = 1.0;
				PRODUCT_BUNDLE_IDENTIFIER = FCM3.eION;
				PRODUCT_NAME = "$(TARGET_NAME)";
				SWIFT_ACTIVE_COMPILATION_CONDITIONS = eIONB;
				SWIFT_EMIT_LOC_STRINGS = YES;
				SWIFT_VERSION = 5.0;
				TARGETED_DEVICE_FAMILY = "1,2";
			};
			name = Release;
		};
/* End XCBuildConfiguration section */

/* Begin XCConfigurationList section */
		788AFE88276C04CC00857042 /* Build configuration list for PBXNativeTarget "eION copy" */ = {
			isa = XCConfigurationList;
			buildConfigurations = (
				788AFE89276C04CC00857042 /* Debug */,
				788AFE8A276C04CC00857042 /* Release */,
			);
			defaultConfigurationIsVisible = 0;
			defaultConfigurationName = Release;
		};
		B3C1BF2B2746D5DA006BD338 /* Build configuration list for PBXProject "eION" */ = {
			isa = XCConfigurationList;
			buildConfigurations = (
				B3C1BF3C2746D5DB006BD338 /* Debug */,
				B3C1BF3D2746D5DB006BD338 /* Release */,
			);
			defaultConfigurationIsVisible = 0;
			defaultConfigurationName = Release;
		};
		B3C1BF3E2746D5DB006BD338 /* Build configuration list for PBXNativeTarget "eION" */ = {
			isa = XCConfigurationList;
			buildConfigurations = (
				B3C1BF3F2746D5DB006BD338 /* Debug */,
				B3C1BF402746D5DB006BD338 /* Release */,
			);
			defaultConfigurationIsVisible = 0;
			defaultConfigurationName = Release;
		};
/* End XCConfigurationList section */

/* Begin XCVersionGroup section */
		B3C1BF412746D61D006BD338 /* GestioneION.xcdatamodeld */ = {
			isa = XCVersionGroup;
			children = (
				B3C1BF422746D61D006BD338 /* GestioneION.xcdatamodel */,
			);
			currentVersion = B3C1BF422746D61D006BD338 /* GestioneION.xcdatamodel */;
			path = GestioneION.xcdatamodeld;
			sourceTree = "<group>";
			versionGroupType = wrapper.xcdatamodel;
		};
/* End XCVersionGroup section */
	};
	rootObject = B3C1BF282746D5DA006BD338 /* Project object */;
}
